// !$*UTF8*$!
{
	archiveVersion = 1;
	classes = {
	};
	objectVersion = 46;
	objects = {

/* Begin PBXBuildFile section */
		52C5BCF37959B3F7551EA6A4 /* Pods_MotionEffect.framework in Frameworks */ = {isa = PBXBuildFile; fileRef = 80D9A3A4B0969D8C3E521B10 /* Pods_MotionEffect.framework */; };
		6DB168E2236FEF15002BA2AF /* unlock.mp3 in Resources */ = {isa = PBXBuildFile; fileRef = 6DB168E1236FEF14002BA2AF /* unlock.mp3 */; };
		6DB81768236F5C05000F7782 /* forest.json in Resources */ = {isa = PBXBuildFile; fileRef = 6DB81767236F5C05000F7782 /* forest.json */; };
		6DDF88D5236D6A4600D0C5CD /* DriverViewController.swift in Sources */ = {isa = PBXBuildFile; fileRef = 6DDF88D4236D6A4600D0C5CD /* DriverViewController.swift */; };
		6DDF88D8236D786B00D0C5CD /* carAlertSound.mp3 in Resources */ = {isa = PBXBuildFile; fileRef = 6DDF88D7236D786B00D0C5CD /* carAlertSound.mp3 */; };
		6DDF88DA236D7CEB00D0C5CD /* lock.mp3 in Resources */ = {isa = PBXBuildFile; fileRef = 6DDF88D9236D7CEB00D0C5CD /* lock.mp3 */; };
		6DDF88DC236D7D9500D0C5CD /* SensorData.swift in Sources */ = {isa = PBXBuildFile; fileRef = 6DDF88DB236D7D9500D0C5CD /* SensorData.swift */; };
		6DDF88DE236D828500D0C5CD /* MapViewController.swift in Sources */ = {isa = PBXBuildFile; fileRef = 6DDF88DD236D828500D0C5CD /* MapViewController.swift */; };
		869030FA1D6231850092C9DE /* AppDelegate.swift in Sources */ = {isa = PBXBuildFile; fileRef = 869030F91D6231850092C9DE /* AppDelegate.swift */; };
		869030FC1D6231850092C9DE /* ViewController.swift in Sources */ = {isa = PBXBuildFile; fileRef = 869030FB1D6231850092C9DE /* ViewController.swift */; };
		869030FF1D6231850092C9DE /* Main.storyboard in Resources */ = {isa = PBXBuildFile; fileRef = 869030FD1D6231850092C9DE /* Main.storyboard */; };
		869031011D6231850092C9DE /* Assets.xcassets in Resources */ = {isa = PBXBuildFile; fileRef = 869031001D6231850092C9DE /* Assets.xcassets */; };
		869031041D6231850092C9DE /* LaunchScreen.storyboard in Resources */ = {isa = PBXBuildFile; fileRef = 869031021D6231850092C9DE /* LaunchScreen.storyboard */; };
/* End PBXBuildFile section */

/* Begin PBXFileReference section */
		6DB168E1236FEF14002BA2AF /* unlock.mp3 */ = {isa = PBXFileReference; lastKnownFileType = audio.mp3; path = unlock.mp3; sourceTree = "<group>"; };
		6DB81767236F5C05000F7782 /* forest.json */ = {isa = PBXFileReference; fileEncoding = 4; lastKnownFileType = text.json; path = forest.json; sourceTree = "<group>"; };
		6DDF88D4236D6A4600D0C5CD /* DriverViewController.swift */ = {isa = PBXFileReference; lastKnownFileType = sourcecode.swift; path = DriverViewController.swift; sourceTree = "<group>"; };
		6DDF88D7236D786B00D0C5CD /* carAlertSound.mp3 */ = {isa = PBXFileReference; lastKnownFileType = audio.mp3; path = carAlertSound.mp3; sourceTree = "<group>"; };
		6DDF88D9236D7CEB00D0C5CD /* lock.mp3 */ = {isa = PBXFileReference; lastKnownFileType = audio.mp3; path = lock.mp3; sourceTree = "<group>"; };
		6DDF88DB236D7D9500D0C5CD /* SensorData.swift */ = {isa = PBXFileReference; lastKnownFileType = sourcecode.swift; path = SensorData.swift; sourceTree = "<group>"; };
		6DDF88DD236D828500D0C5CD /* MapViewController.swift */ = {isa = PBXFileReference; lastKnownFileType = sourcecode.swift; path = MapViewController.swift; sourceTree = "<group>"; };
		80D9A3A4B0969D8C3E521B10 /* Pods_MotionEffect.framework */ = {isa = PBXFileReference; explicitFileType = wrapper.framework; includeInIndex = 0; path = Pods_MotionEffect.framework; sourceTree = BUILT_PRODUCTS_DIR; };
		869030F61D6231850092C9DE /* iCar.app */ = {isa = PBXFileReference; explicitFileType = wrapper.application; includeInIndex = 0; path = iCar.app; sourceTree = BUILT_PRODUCTS_DIR; };
		869030F91D6231850092C9DE /* AppDelegate.swift */ = {isa = PBXFileReference; lastKnownFileType = sourcecode.swift; path = AppDelegate.swift; sourceTree = "<group>"; };
		869030FB1D6231850092C9DE /* ViewController.swift */ = {isa = PBXFileReference; lastKnownFileType = sourcecode.swift; path = ViewController.swift; sourceTree = "<group>"; };
		869030FE1D6231850092C9DE /* Base */ = {isa = PBXFileReference; lastKnownFileType = file.storyboard; name = Base; path = Base.lproj/Main.storyboard; sourceTree = "<group>"; };
		869031001D6231850092C9DE /* Assets.xcassets */ = {isa = PBXFileReference; lastKnownFileType = folder.assetcatalog; path = Assets.xcassets; sourceTree = "<group>"; };
		869031031D6231850092C9DE /* Base */ = {isa = PBXFileReference; lastKnownFileType = file.storyboard; name = Base; path = Base.lproj/LaunchScreen.storyboard; sourceTree = "<group>"; };
		869031051D6231850092C9DE /* Info.plist */ = {isa = PBXFileReference; lastKnownFileType = text.plist.xml; path = Info.plist; sourceTree = "<group>"; };
		A02FDDCB0F99CFE79757A28C /* Pods-MotionEffect.release.xcconfig */ = {isa = PBXFileReference; includeInIndex = 1; lastKnownFileType = text.xcconfig; name = "Pods-MotionEffect.release.xcconfig"; path = "Target Support Files/Pods-MotionEffect/Pods-MotionEffect.release.xcconfig"; sourceTree = "<group>"; };
		EA7A079B7CAFE6AB5BEAFBA5 /* Pods-MotionEffect.debug.xcconfig */ = {isa = PBXFileReference; includeInIndex = 1; lastKnownFileType = text.xcconfig; name = "Pods-MotionEffect.debug.xcconfig"; path = "Target Support Files/Pods-MotionEffect/Pods-MotionEffect.debug.xcconfig"; sourceTree = "<group>"; };
/* End PBXFileReference section */

/* Begin PBXFrameworksBuildPhase section */
		869030F31D6231840092C9DE /* Frameworks */ = {
			isa = PBXFrameworksBuildPhase;
			buildActionMask = 2147483647;
			files = (
				52C5BCF37959B3F7551EA6A4 /* Pods_MotionEffect.framework in Frameworks */,
			);
			runOnlyForDeploymentPostprocessing = 0;
		};
/* End PBXFrameworksBuildPhase section */

/* Begin PBXGroup section */
		59D56BDCAEF7D37583BFBB76 /* Pods */ = {
			isa = PBXGroup;
			children = (
				EA7A079B7CAFE6AB5BEAFBA5 /* Pods-MotionEffect.debug.xcconfig */,
				A02FDDCB0F99CFE79757A28C /* Pods-MotionEffect.release.xcconfig */,
			);
			path = Pods;
			sourceTree = "<group>";
		};
		6D6A40EE236F5A5900A78E96 /* Lottie Files */ = {
			isa = PBXGroup;
			children = (
				6DB81767236F5C05000F7782 /* forest.json */,
			);
			path = "Lottie Files";
			sourceTree = "<group>";
		};
		6DDF88D6236D77EF00D0C5CD /* Sound */ = {
			isa = PBXGroup;
			children = (
				6DB168E1236FEF14002BA2AF /* unlock.mp3 */,
				6DDF88D9236D7CEB00D0C5CD /* lock.mp3 */,
				6DDF88D7236D786B00D0C5CD /* carAlertSound.mp3 */,
			);
			path = Sound;
			sourceTree = "<group>";
		};
		869030ED1D6231840092C9DE = {
			isa = PBXGroup;
			children = (
				869030F81D6231850092C9DE /* MotionEffect */,
				6D6A40EE236F5A5900A78E96 /* Lottie Files */,
				869030F71D6231850092C9DE /* Products */,
				59D56BDCAEF7D37583BFBB76 /* Pods */,
				C6CA6D43FDBDEA59A25BD938 /* Frameworks */,
			);
			sourceTree = "<group>";
		};
		869030F71D6231850092C9DE /* Products */ = {
			isa = PBXGroup;
			children = (
				869030F61D6231850092C9DE /* iCar.app */,
			);
			name = Products;
			sourceTree = "<group>";
		};
		869030F81D6231850092C9DE /* MotionEffect */ = {
			isa = PBXGroup;
			children = (
				869030F91D6231850092C9DE /* AppDelegate.swift */,
				869030FB1D6231850092C9DE /* ViewController.swift */,
				6DDF88DB236D7D9500D0C5CD /* SensorData.swift */,
				869030FD1D6231850092C9DE /* Main.storyboard */,
				6DDF88DD236D828500D0C5CD /* MapViewController.swift */,
				6DDF88D4236D6A4600D0C5CD /* DriverViewController.swift */,
				869031001D6231850092C9DE /* Assets.xcassets */,
				869031021D6231850092C9DE /* LaunchScreen.storyboard */,
				869031051D6231850092C9DE /* Info.plist */,
				6DDF88D6236D77EF00D0C5CD /* Sound */,
			);
			path = MotionEffect;
			sourceTree = "<group>";
		};
		C6CA6D43FDBDEA59A25BD938 /* Frameworks */ = {
			isa = PBXGroup;
			children = (
				80D9A3A4B0969D8C3E521B10 /* Pods_MotionEffect.framework */,
			);
			name = Frameworks;
			sourceTree = "<group>";
		};
/* End PBXGroup section */

/* Begin PBXNativeTarget section */
		869030F51D6231840092C9DE /* MotionEffect */ = {
			isa = PBXNativeTarget;
			buildConfigurationList = 869031081D6231850092C9DE /* Build configuration list for PBXNativeTarget "MotionEffect" */;
			buildPhases = (
				B0C9A48B2C20340A04BE10FB /* [CP] Check Pods Manifest.lock */,
				869030F21D6231840092C9DE /* Sources */,
				869030F31D6231840092C9DE /* Frameworks */,
				869030F41D6231840092C9DE /* Resources */,
				7F57F8F0876AB924D2578596 /* [CP] Embed Pods Frameworks */,
			);
			buildRules = (
			);
			dependencies = (
			);
			name = MotionEffect;
			productName = MotionEffect;
			productReference = 869030F61D6231850092C9DE /* iCar.app */;
			productType = "com.apple.product-type.application";
		};
/* End PBXNativeTarget section */

/* Begin PBXProject section */
		869030EE1D6231840092C9DE /* Project object */ = {
			isa = PBXProject;
			attributes = {
				LastSwiftUpdateCheck = 0800;
				LastUpgradeCheck = 0800;
				ORGANIZATIONNAME = Training;
				TargetAttributes = {
					869030F51D6231840092C9DE = {
						CreatedOnToolsVersion = 8.0;
						DevelopmentTeam = 5G9HGCW6QY;
						ProvisioningStyle = Automatic;
					};
				};
			};
			buildConfigurationList = 869030F11D6231840092C9DE /* Build configuration list for PBXProject "MotionEffect" */;
			compatibilityVersion = "Xcode 3.2";
			developmentRegion = English;
			hasScannedForEncodings = 0;
			knownRegions = (
				English,
				en,
				Base,
			);
			mainGroup = 869030ED1D6231840092C9DE;
			productRefGroup = 869030F71D6231850092C9DE /* Products */;
			projectDirPath = "";
			projectRoot = "";
			targets = (
				869030F51D6231840092C9DE /* MotionEffect */,
			);
		};
/* End PBXProject section */

/* Begin PBXResourcesBuildPhase section */
		869030F41D6231840092C9DE /* Resources */ = {
			isa = PBXResourcesBuildPhase;
			buildActionMask = 2147483647;
			files = (
				869031041D6231850092C9DE /* LaunchScreen.storyboard in Resources */,
				6DB168E2236FEF15002BA2AF /* unlock.mp3 in Resources */,
				6DDF88DA236D7CEB00D0C5CD /* lock.mp3 in Resources */,
				6DDF88D8236D786B00D0C5CD /* carAlertSound.mp3 in Resources */,
				869031011D6231850092C9DE /* Assets.xcassets in Resources */,
				6DB81768236F5C05000F7782 /* forest.json in Resources */,
				869030FF1D6231850092C9DE /* Main.storyboard in Resources */,
			);
			runOnlyForDeploymentPostprocessing = 0;
		};
/* End PBXResourcesBuildPhase section */

/* Begin PBXShellScriptBuildPhase section */
		7F57F8F0876AB924D2578596 /* [CP] Embed Pods Frameworks */ = {
			isa = PBXShellScriptBuildPhase;
			buildActionMask = 2147483647;
			files = (
			);
			inputPaths = (
				"${PODS_ROOT}/Target Support Files/Pods-MotionEffect/Pods-MotionEffect-frameworks.sh",
				"${BUILT_PRODUCTS_DIR}/lottie-ios/Lottie.framework",
			);
			name = "[CP] Embed Pods Frameworks";
			outputPaths = (
				"${TARGET_BUILD_DIR}/${FRAMEWORKS_FOLDER_PATH}/Lottie.framework",
			);
			runOnlyForDeploymentPostprocessing = 0;
			shellPath = /bin/sh;
			shellScript = "\"${PODS_ROOT}/Target Support Files/Pods-MotionEffect/Pods-MotionEffect-frameworks.sh\"\n";
			showEnvVarsInLog = 0;
		};
		B0C9A48B2C20340A04BE10FB /* [CP] Check Pods Manifest.lock */ = {
			isa = PBXShellScriptBuildPhase;
			buildActionMask = 2147483647;
			files = (
			);
			inputFileListPaths = (
			);
			inputPaths = (
				"${PODS_PODFILE_DIR_PATH}/Podfile.lock",
				"${PODS_ROOT}/Manifest.lock",
			);
			name = "[CP] Check Pods Manifest.lock";
			outputFileListPaths = (
			);
			outputPaths = (
				"$(DERIVED_FILE_DIR)/Pods-MotionEffect-checkManifestLockResult.txt",
			);
			runOnlyForDeploymentPostprocessing = 0;
			shellPath = /bin/sh;
			shellScript = "diff \"${PODS_PODFILE_DIR_PATH}/Podfile.lock\" \"${PODS_ROOT}/Manifest.lock\" > /dev/null\nif [ $? != 0 ] ; then\n    # print error to STDERR\n    echo \"error: The sandbox is not in sync with the Podfile.lock. Run 'pod install' or update your CocoaPods installation.\" >&2\n    exit 1\nfi\n# This output is used by Xcode 'outputs' to avoid re-running this script phase.\necho \"SUCCESS\" > \"${SCRIPT_OUTPUT_FILE_0}\"\n";
			showEnvVarsInLog = 0;
		};
/* End PBXShellScriptBuildPhase section */

/* Begin PBXSourcesBuildPhase section */
		869030F21D6231840092C9DE /* Sources */ = {
			isa = PBXSourcesBuildPhase;
			buildActionMask = 2147483647;
			files = (
				6DDF88D5236D6A4600D0C5CD /* DriverViewController.swift in Sources */,
				869030FC1D6231850092C9DE /* ViewController.swift in Sources */,
				869030FA1D6231850092C9DE /* AppDelegate.swift in Sources */,
				6DDF88DE236D828500D0C5CD /* MapViewController.swift in Sources */,
				6DDF88DC236D7D9500D0C5CD /* SensorData.swift in Sources */,
			);
			runOnlyForDeploymentPostprocessing = 0;
		};
/* End PBXSourcesBuildPhase section */

/* Begin PBXVariantGroup section */
		869030FD1D6231850092C9DE /* Main.storyboard */ = {
			isa = PBXVariantGroup;
			children = (
				869030FE1D6231850092C9DE /* Base */,
			);
			name = Main.storyboard;
			sourceTree = "<group>";
		};
		869031021D6231850092C9DE /* LaunchScreen.storyboard */ = {
			isa = PBXVariantGroup;
			children = (
				869031031D6231850092C9DE /* Base */,
			);
			name = LaunchScreen.storyboard;
			sourceTree = "<group>";
		};
/* End PBXVariantGroup section */

/* Begin XCBuildConfiguration section */
		869031061D6231850092C9DE /* Debug */ = {
			isa = XCBuildConfiguration;
			buildSettings = {
				ALWAYS_SEARCH_USER_PATHS = NO;
				CLANG_ANALYZER_NONNULL = YES;
				CLANG_CXX_LANGUAGE_STANDARD = "gnu++0x";
				CLANG_CXX_LIBRARY = "libc++";
				CLANG_ENABLE_MODULES = YES;
				CLANG_ENABLE_OBJC_ARC = YES;
				CLANG_WARN_BOOL_CONVERSION = YES;
				CLANG_WARN_CONSTANT_CONVERSION = YES;
				CLANG_WARN_DIRECT_OBJC_ISA_USAGE = YES_ERROR;
				CLANG_WARN_DOCUMENTATION_COMMENTS = YES;
				CLANG_WARN_EMPTY_BODY = YES;
				CLANG_WARN_ENUM_CONVERSION = YES;
				CLANG_WARN_INFINITE_RECURSION = YES;
				CLANG_WARN_INT_CONVERSION = YES;
				CLANG_WARN_OBJC_ROOT_CLASS = YES_ERROR;
				CLANG_WARN_SUSPICIOUS_MOVES = YES;
				CLANG_WARN_UNREACHABLE_CODE = YES;
				CLANG_WARN__DUPLICATE_METHOD_MATCH = YES;
				"CODE_SIGN_IDENTITY[sdk=iphoneos*]" = "iPhone Developer";
				COPY_PHASE_STRIP = NO;
				DEBUG_INFORMATION_FORMAT = dwarf;
				ENABLE_STRICT_OBJC_MSGSEND = YES;
				ENABLE_TESTABILITY = YES;
				GCC_C_LANGUAGE_STANDARD = gnu99;
				GCC_DYNAMIC_NO_PIC = NO;
				GCC_NO_COMMON_BLOCKS = YES;
				GCC_OPTIMIZATION_LEVEL = 0;
				GCC_PREPROCESSOR_DEFINITIONS = (
					"DEBUG=1",
					"$(inherited)",
				);
				GCC_WARN_64_TO_32_BIT_CONVERSION = YES;
				GCC_WARN_ABOUT_RETURN_TYPE = YES_ERROR;
				GCC_WARN_UNDECLARED_SELECTOR = YES;
				GCC_WARN_UNINITIALIZED_AUTOS = YES_AGGRESSIVE;
				GCC_WARN_UNUSED_FUNCTION = YES;
				GCC_WARN_UNUSED_VARIABLE = YES;
				IPHONEOS_DEPLOYMENT_TARGET = 12.4;
				MTL_ENABLE_DEBUG_INFO = YES;
				ONLY_ACTIVE_ARCH = YES;
				SDKROOT = iphoneos;
				SWIFT_ACTIVE_COMPILATION_CONDITIONS = DEBUG;
				SWIFT_OPTIMIZATION_LEVEL = "-Onone";
			};
			name = Debug;
		};
		869031071D6231850092C9DE /* Release */ = {
			isa = XCBuildConfiguration;
			buildSettings = {
				ALWAYS_SEARCH_USER_PATHS = NO;
				CLANG_ANALYZER_NONNULL = YES;
				CLANG_CXX_LANGUAGE_STANDARD = "gnu++0x";
				CLANG_CXX_LIBRARY = "libc++";
				CLANG_ENABLE_MODULES = YES;
				CLANG_ENABLE_OBJC_ARC = YES;
				CLANG_WARN_BOOL_CONVERSION = YES;
				CLANG_WARN_CONSTANT_CONVERSION = YES;
				CLANG_WARN_DIRECT_OBJC_ISA_USAGE = YES_ERROR;
				CLANG_WARN_DOCUMENTATION_COMMENTS = YES;
				CLANG_WARN_EMPTY_BODY = YES;
				CLANG_WARN_ENUM_CONVERSION = YES;
				CLANG_WARN_INFINITE_RECURSION = YES;
				CLANG_WARN_INT_CONVERSION = YES;
				CLANG_WARN_OBJC_ROOT_CLASS = YES_ERROR;
				CLANG_WARN_SUSPICIOUS_MOVES = YES;
				CLANG_WARN_UNREACHABLE_CODE = YES;
				CLANG_WARN__DUPLICATE_METHOD_MATCH = YES;
				"CODE_SIGN_IDENTITY[sdk=iphoneos*]" = "iPhone Developer";
				COPY_PHASE_STRIP = NO;
				DEBUG_INFORMATION_FORMAT = "dwarf-with-dsym";
				ENABLE_NS_ASSERTIONS = NO;
				ENABLE_STRICT_OBJC_MSGSEND = YES;
				GCC_C_LANGUAGE_STANDARD = gnu99;
				GCC_NO_COMMON_BLOCKS = YES;
				GCC_WARN_64_TO_32_BIT_CONVERSION = YES;
				GCC_WARN_ABOUT_RETURN_TYPE = YES_ERROR;
				GCC_WARN_UNDECLARED_SELECTOR = YES;
				GCC_WARN_UNINITIALIZED_AUTOS = YES_AGGRESSIVE;
				GCC_WARN_UNUSED_FUNCTION = YES;
				GCC_WARN_UNUSED_VARIABLE = YES;
				IPHONEOS_DEPLOYMENT_TARGET = 12.4;
				MTL_ENABLE_DEBUG_INFO = NO;
				SDKROOT = iphoneos;
				SWIFT_OPTIMIZATION_LEVEL = "-Owholemodule";
				VALIDATE_PRODUCT = YES;
			};
			name = Release;
		};
		869031091D6231850092C9DE /* Debug */ = {
			isa = XCBuildConfiguration;
			baseConfigurationReference = EA7A079B7CAFE6AB5BEAFBA5 /* Pods-MotionEffect.debug.xcconfig */;
			buildSettings = {
				ASSETCATALOG_COMPILER_APPICON_NAME = AppIcon;
				DEVELOPMENT_TEAM = 5G9HGCW6QY;
				INFOPLIST_FILE = MotionEffect/Info.plist;
				LD_RUNPATH_SEARCH_PATHS = "$(inherited) @executable_path/Frameworks";
				PRODUCT_BUNDLE_IDENTIFIER = com.brianAdvent.MotionEffects;
				PRODUCT_NAME = iCar;
				SWIFT_VERSION = 5.0;
				TARGETED_DEVICE_FAMILY = 1;
			};
			name = Debug;
		};
		8690310A1D6231850092C9DE /* Release */ = {
			isa = XCBuildConfiguration;
			baseConfigurationReference = A02FDDCB0F99CFE79757A28C /* Pods-MotionEffect.release.xcconfig */;
			buildSettings = {
				ASSETCATALOG_COMPILER_APPICON_NAME = AppIcon;
				DEVELOPMENT_TEAM = 5G9HGCW6QY;
				INFOPLIST_FILE = MotionEffect/Info.plist;
				LD_RUNPATH_SEARCH_PATHS = "$(inherited) @executable_path/Frameworks";
				PRODUCT_BUNDLE_IDENTIFIER = com.brianAdvent.MotionEffects;
				PRODUCT_NAME = iCar;
				SWIFT_VERSION = 5.0;
				TARGETED_DEVICE_FAMILY = 1;
			};
			name = Release;
		};
/* End XCBuildConfiguration section */

/* Begin XCConfigurationList section */
		869030F11D6231840092C9DE /* Build configuration list for PBXProject "MotionEffect" */ = {
			isa = XCConfigurationList;
			buildConfigurations = (
				869031061D6231850092C9DE /* Debug */,
				869031071D6231850092C9DE /* Release */,
			);
			defaultConfigurationIsVisible = 0;
			defaultConfigurationName = Release;
		};
		869031081D6231850092C9DE /* Build configuration list for PBXNativeTarget "MotionEffect" */ = {
			isa = XCConfigurationList;
			buildConfigurations = (
				869031091D6231850092C9DE /* Debug */,
				8690310A1D6231850092C9DE /* Release */,
			);
			defaultConfigurationIsVisible = 0;
			defaultConfigurationName = Release;
		};
/* End XCConfigurationList section */
	};
	rootObject = 869030EE1D6231840092C9DE /* Project object */;
}
